// !$*UTF8*$!
{
	archiveVersion = 1;
	classes = {
	};
	objectVersion = 77;
	objects = {

/* Begin PBXBuildFile section */
		A28C1B622F0D9A3200663353 /* ios-bindable in Frameworks */ = {isa = PBXBuildFile; productRef = A28C1B612F0D9A3200663353 /* ios-bindable */; };
/* End PBXBuildFile section */

/* Begin PBXContainerItemProxy section */
		A28C1B412F0D99E400663353 /* PBXContainerItemProxy */ = {
			isa = PBXContainerItemProxy;
			containerPortal = A28C1B222F0D99E300663353 /* Project object */;
			proxyType = 1;
			remoteGlobalIDString = A28C1B292F0D99E300663353;
			remoteInfo = BindableExample;
		};
		A28C1B4B2F0D99E400663353 /* PBXContainerItemProxy */ = {
			isa = PBXContainerItemProxy;
			containerPortal = A28C1B222F0D99E300663353 /* Project object */;
			proxyType = 1;
			remoteGlobalIDString = A28C1B292F0D99E300663353;
			remoteInfo = BindableExample;
		};
/* End PBXContainerItemProxy section */

/* Begin PBXFileReference section */
		A28C1B2A2F0D99E300663353 /* BindableExample.app */ = {isa = PBXFileReference; explicitFileType = wrapper.application; includeInIndex = 0; path = BindableExample.app; sourceTree = BUILT_PRODUCTS_DIR; };
		A28C1B402F0D99E400663353 /* BindableExampleTests.xctest */ = {isa = PBXFileReference; explicitFileType = wrapper.cfbundle; includeInIndex = 0; path = BindableExampleTests.xctest; sourceTree = BUILT_PRODUCTS_DIR; };
		A28C1B4A2F0D99E400663353 /* BindableExampleUITests.xctest */ = {isa = PBXFileReference; explicitFileType = wrapper.cfbundle; includeInIndex = 0; path = BindableExampleUITests.xctest; sourceTree = BUILT_PRODUCTS_DIR; };
/* End PBXFileReference section */

/* Begin PBXFileSystemSynchronizedBuildFileExceptionSet section */
		A28C1B522F0D99E400663353 /* Exceptions for "BindableExample" folder in "BindableExample" target */ = {
			isa = PBXFileSystemSynchronizedBuildFileExceptionSet;
			membershipExceptions = (
				Resources/Info.plist,
			);
			target = A28C1B292F0D99E300663353 /* BindableExample */;
		};
/* End PBXFileSystemSynchronizedBuildFileExceptionSet section */

/* Begin PBXFileSystemSynchronizedRootGroup section */
		A28C1B2C2F0D99E300663353 /* BindableExample */ = {
			isa = PBXFileSystemSynchronizedRootGroup;
			exceptions = (
				A28C1B522F0D99E400663353 /* Exceptions for "BindableExample" folder in "BindableExample" target */,
			);
			path = BindableExample;
			sourceTree = "<group>";
		};
		A28C1B432F0D99E400663353 /* BindableExampleTests */ = {
			isa = PBXFileSystemSynchronizedRootGroup;
			path = BindableExampleTests;
			sourceTree = "<group>";
		};
		A28C1B4D2F0D99E400663353 /* BindableExampleUITests */ = {
			isa = PBXFileSystemSynchronizedRootGroup;
			path = BindableExampleUITests;
			sourceTree = "<group>";
		};
/* End PBXFileSystemSynchronizedRootGroup section */

/* Begin PBXFrameworksBuildPhase section */
		A28C1B272F0D99E300663353 /* Frameworks */ = {
			isa = PBXFrameworksBuildPhase;
			buildActionMask = 2147483647;
			files = (
				A28C1B622F0D9A3200663353 /* ios-bindable in Frameworks */,
			);
			runOnlyForDeploymentPostprocessing = 0;
		};
		A28C1B3D2F0D99E400663353 /* Frameworks */ = {
			isa = PBXFrameworksBuildPhase;
			buildActionMask = 2147483647;
			files = (
			);
			runOnlyForDeploymentPostprocessing = 0;
		};
		A28C1B472F0D99E400663353 /* Frameworks */ = {
			isa = PBXFrameworksBuildPhase;
			buildActionMask = 2147483647;
			files = (
			);
			runOnlyForDeploymentPostprocessing = 0;
		};
/* End PBXFrameworksBuildPhase section */

/* Begin PBXGroup section */
		A28C1B212F0D99E300663353 = {
			isa = PBXGroup;
			children = (
				A28C1B2C2F0D99E300663353 /* BindableExample */,
				A28C1B432F0D99E400663353 /* BindableExampleTests */,
				A28C1B4D2F0D99E400663353 /* BindableExampleUITests */,
				A28C1B2B2F0D99E300663353 /* Products */,
			);
			sourceTree = "<group>";
		};
		A28C1B2B2F0D99E300663353 /* Products */ = {
			isa = PBXGroup;
			children = (
				A28C1B2A2F0D99E300663353 /* BindableExample.app */,
				A28C1B402F0D99E400663353 /* BindableExampleTests.xctest */,
				A28C1B4A2F0D99E400663353 /* BindableExampleUITests.xctest */,
			);
			name = Products;
			sourceTree = "<group>";
		};
/* End PBXGroup section */

/* Begin PBXNativeTarget section */
		A28C1B292F0D99E300663353 /* BindableExample */ = {
			isa = PBXNativeTarget;
			buildConfigurationList = A28C1B532F0D99E400663353 /* Build configuration list for PBXNativeTarget "BindableExample" */;
			buildPhases = (
				A28C1B262F0D99E300663353 /* Sources */,
				A28C1B272F0D99E300663353 /* Frameworks */,
				A28C1B282F0D99E300663353 /* Resources */,
			);
			buildRules = (
			);
			dependencies = (
			);
			fileSystemSynchronizedGroups = (
				A28C1B2C2F0D99E300663353 /* BindableExample */,
			);
			name = BindableExample;
			packageProductDependencies = (
				A28C1B612F0D9A3200663353 /* ios-bindable */,
			);
			productName = BindableExample;
			productReference = A28C1B2A2F0D99E300663353 /* BindableExample.app */;
			productType = "com.apple.product-type.application";
		};
		A28C1B3F2F0D99E400663353 /* BindableExampleTests */ = {
			isa = PBXNativeTarget;
			buildConfigurationList = A28C1B582F0D99E400663353 /* Build configuration list for PBXNativeTarget "BindableExampleTests" */;
			buildPhases = (
				A28C1B3C2F0D99E400663353 /* Sources */,
				A28C1B3D2F0D99E400663353 /* Frameworks */,
				A28C1B3E2F0D99E400663353 /* Resources */,
			);
			buildRules = (
			);
			dependencies = (
				A28C1B422F0D99E400663353 /* PBXTargetDependency */,
			);
			fileSystemSynchronizedGroups = (
				A28C1B432F0D99E400663353 /* BindableExampleTests */,
			);
			name = BindableExampleTests;
			packageProductDependencies = (
			);
			productName = BindableExampleTests;
			productReference = A28C1B402F0D99E400663353 /* BindableExampleTests.xctest */;
			productType = "com.apple.product-type.bundle.unit-test";
		};
		A28C1B492F0D99E400663353 /* BindableExampleUITests */ = {
			isa = PBXNativeTarget;
			buildConfigurationList = A28C1B5B2F0D99E400663353 /* Build configuration list for PBXNativeTarget "BindableExampleUITests" */;
			buildPhases = (
				A28C1B462F0D99E400663353 /* Sources */,
				A28C1B472F0D99E400663353 /* Frameworks */,
				A28C1B482F0D99E400663353 /* Resources */,
			);
			buildRules = (
			);
			dependencies = (
				A28C1B4C2F0D99E400663353 /* PBXTargetDependency */,
			);
			fileSystemSynchronizedGroups = (
				A28C1B4D2F0D99E400663353 /* BindableExampleUITests */,
			);
			name = BindableExampleUITests;
			packageProductDependencies = (
			);
			productName = BindableExampleUITests;
			productReference = A28C1B4A2F0D99E400663353 /* BindableExampleUITests.xctest */;
			productType = "com.apple.product-type.bundle.ui-testing";
		};
/* End PBXNativeTarget section */

/* Begin PBXProject section */
		A28C1B222F0D99E300663353 /* Project object */ = {
			isa = PBXProject;
			attributes = {
				BuildIndependentTargetsInParallel = 1;
				LastSwiftUpdateCheck = 2620;
				LastUpgradeCheck = 2620;
				TargetAttributes = {
					A28C1B292F0D99E300663353 = {
						CreatedOnToolsVersion = 26.2;
					};
					A28C1B3F2F0D99E400663353 = {
						CreatedOnToolsVersion = 26.2;
						TestTargetID = A28C1B292F0D99E300663353;
					};
					A28C1B492F0D99E400663353 = {
						CreatedOnToolsVersion = 26.2;
						TestTargetID = A28C1B292F0D99E300663353;
					};
				};
			};
			buildConfigurationList = A28C1B252F0D99E300663353 /* Build configuration list for PBXProject "BindableExample" */;
			developmentRegion = en;
			hasScannedForEncodings = 0;
			knownRegions = (
				en,
				Base,
			);
			mainGroup = A28C1B212F0D99E300663353;
			minimizedProjectReferenceProxies = 1;
			packageReferences = (
				A28C1B602F0D9A3200663353 /* XCRemoteSwiftPackageReference "ios-bindable" */,
			);
			preferredProjectObjectVersion = 77;
			productRefGroup = A28C1B2B2F0D99E300663353 /* Products */;
			projectDirPath = "";
			projectRoot = "";
			targets = (
				A28C1B292F0D99E300663353 /* BindableExample */,
				A28C1B3F2F0D99E400663353 /* BindableExampleTests */,
				A28C1B492F0D99E400663353 /* BindableExampleUITests */,
			);
		};
/* End PBXProject section */

/* Begin PBXResourcesBuildPhase section */
		A28C1B282F0D99E300663353 /* Resources */ = {
			isa = PBXResourcesBuildPhase;
			buildActionMask = 2147483647;
			files = (
			);
			runOnlyForDeploymentPostprocessing = 0;
		};
		A28C1B3E2F0D99E400663353 /* Resources */ = {
			isa = PBXResourcesBuildPhase;
			buildActionMask = 2147483647;
			files = (
			);
			runOnlyForDeploymentPostprocessing = 0;
		};
		A28C1B482F0D99E400663353 /* Resources */ = {
			isa = PBXResourcesBuildPhase;
			buildActionMask = 2147483647;
			files = (
			);
			runOnlyForDeploymentPostprocessing = 0;
		};
/* End PBXResourcesBuildPhase section */

/* Begin PBXSourcesBuildPhase section */
		A28C1B262F0D99E300663353 /* Sources */ = {
			isa = PBXSourcesBuildPhase;
			buildActionMask = 2147483647;
			files = (
			);
			runOnlyForDeploymentPostprocessing = 0;
		};
		A28C1B3C2F0D99E400663353 /* Sources */ = {
			isa = PBXSourcesBuildPhase;
			buildActionMask = 2147483647;
			files = (
			);
			runOnlyForDeploymentPostprocessing = 0;
		};
		A28C1B462F0D99E400663353 /* Sources */ = {
			isa = PBXSourcesBuildPhase;
			buildActionMask = 2147483647;
			files = (
			);
			runOnlyForDeploymentPostprocessing = 0;
		};
/* End PBXSourcesBuildPhase section */

/* Begin PBXTargetDependency section */
		A28C1B422F0D99E400663353 /* PBXTargetDependency */ = {
			isa = PBXTargetDependency;
			target = A28C1B292F0D99E300663353 /* BindableExample */;
			targetProxy = A28C1B412F0D99E400663353 /* PBXContainerItemProxy */;
		};
		A28C1B4C2F0D99E400663353 /* PBXTargetDependency */ = {
			isa = PBXTargetDependency;
			target = A28C1B292F0D99E300663353 /* BindableExample */;
			targetProxy = A28C1B4B2F0D99E400663353 /* PBXContainerItemProxy */;
		};
/* End PBXTargetDependency section */

/* Begin XCBuildConfiguration section */
		A28C1B542F0D99E400663353 /* Debug */ = {
			isa = XCBuildConfiguration;
			buildSettings = {
				ASSETCATALOG_COMPILER_APPICON_NAME = AppIcon;
				ASSETCATALOG_COMPILER_GLOBAL_ACCENT_COLOR_NAME = AccentColor;
				CODE_SIGN_STYLE = Automatic;
				CURRENT_PROJECT_VERSION = 1;
				GENERATE_INFOPLIST_FILE = YES;
				INFOPLIST_FILE = BindableExample/Resources/Info.plist;
				INFOPLIST_KEY_UIApplicationSupportsIndirectInputEvents = YES;
				INFOPLIST_KEY_UILaunchStoryboardName = LaunchScreen;
				INFOPLIST_KEY_UISupportedInterfaceOrientations_iPad = "UIInterfaceOrientationPortrait UIInterfaceOrientationPortraitUpsideDown UIInterfaceOrientationLandscapeLeft UIInterfaceOrientationLandscapeRight";
				INFOPLIST_KEY_UISupportedInterfaceOrientations_iPhone = "UIInterfaceOrientationPortrait UIInterfaceOrientationLandscapeLeft UIInterfaceOrientationLandscapeRight";
				LD_RUNPATH_SEARCH_PATHS = (
					"$(inherited)",
					"@executable_path/Frameworks",
				);
				MARKETING_VERSION = 1.0;
				PRODUCT_BUNDLE_IDENTIFIER = com.hiralnaik.BindableExample;
				PRODUCT_NAME = "$(TARGET_NAME)";
				STRING_CATALOG_GENERATE_SYMBOLS = YES;
				SWIFT_APPROACHABLE_CONCURRENCY = YES;
				SWIFT_DEFAULT_ACTOR_ISOLATION = MainActor;
				SWIFT_EMIT_LOC_STRINGS = YES;
				SWIFT_UPCOMING_FEATURE_MEMBER_IMPORT_VISIBILITY = YES;
				SWIFT_VERSION = 5.0;
				TARGETED_DEVICE_FAMILY = "1,2";
			};
			name = Debug;
		};
		A28C1B552F0D99E400663353 /* Release */ = {
			isa = XCBuildConfiguration;
			buildSettings = {
				ASSETCATALOG_COMPILER_APPICON_NAME = AppIcon;
				ASSETCATALOG_COMPILER_GLOBAL_ACCENT_COLOR_NAME = AccentColor;
				CODE_SIGN_STYLE = Automatic;
				CURRENT_PROJECT_VERSION = 1;
				GENERATE_INFOPLIST_FILE = YES;
				INFOPLIST_FILE = BindableExample/Resources/Info.plist;
				INFOPLIST_KEY_UIApplicationSupportsIndirectInputEvents = YES;
				INFOPLIST_KEY_UILaunchStoryboardName = LaunchScreen;
				INFOPLIST_KEY_UISupportedInterfaceOrientations_iPad = "UIInterfaceOrientationPortrait UIInterfaceOrientationPortraitUpsideDown UIInterfaceOrientationLandscapeLeft UIInterfaceOrientationLandscapeRight";
				INFOPLIST_KEY_UISupportedInterfaceOrientations_iPhone = "UIInterfaceOrientationPortrait UIInterfaceOrientationLandscapeLeft UIInterfaceOrientationLandscapeRight";
				LD_RUNPATH_SEARCH_PATHS = (
					"$(inherited)",
					"@executable_path/Frameworks",
				);
				MARKETING_VERSION = 1.0;
				PRODUCT_BUNDLE_IDENTIFIER = com.hiralnaik.BindableExample;
				PRODUCT_NAME = "$(TARGET_NAME)";
				STRING_CATALOG_GENERATE_SYMBOLS = YES;
				SWIFT_APPROACHABLE_CONCURRENCY = YES;
				SWIFT_DEFAULT_ACTOR_ISOLATION = MainActor;
				SWIFT_EMIT_LOC_STRINGS = YES;
				SWIFT_UPCOMING_FEATURE_MEMBER_IMPORT_VISIBILITY = YES;
				SWIFT_VERSION = 5.0;
				TARGETED_DEVICE_FAMILY = "1,2";
			};
			name = Release;
		};
		A28C1B562F0D99E400663353 /* Debug */ = {
			isa = XCBuildConfiguration;
			buildSettings = {
				ALWAYS_SEARCH_USER_PATHS = NO;
				ASSETCATALOG_COMPILER_GENERATE_SWIFT_ASSET_SYMBOL_EXTENSIONS = YES;
				CLANG_ANALYZER_NONNULL = YES;
				CLANG_ANALYZER_NUMBER_OBJECT_CONVERSION = YES_AGGRESSIVE;
				CLANG_CXX_LANGUAGE_STANDARD = "gnu++20";
				CLANG_ENABLE_MODULES = YES;
				CLANG_ENABLE_OBJC_ARC = YES;
				CLANG_ENABLE_OBJC_WEAK = YES;
				CLANG_WARN_BLOCK_CAPTURE_AUTORELEASING = YES;
				CLANG_WARN_BOOL_CONVERSION = YES;
				CLANG_WARN_COMMA = YES;
				CLANG_WARN_CONSTANT_CONVERSION = YES;
				CLANG_WARN_DEPRECATED_OBJC_IMPLEMENTATIONS = YES;
				CLANG_WARN_DIRECT_OBJC_ISA_USAGE = YES_ERROR;
				CLANG_WARN_DOCUMENTATION_COMMENTS = YES;
				CLANG_WARN_EMPTY_BODY = YES;
				CLANG_WARN_ENUM_CONVERSION = YES;
				CLANG_WARN_INFINITE_RECURSION = YES;
				CLANG_WARN_INT_CONVERSION = YES;
				CLANG_WARN_NON_LITERAL_NULL_CONVERSION = YES;
				CLANG_WARN_OBJC_IMPLICIT_RETAIN_SELF = YES;
				CLANG_WARN_OBJC_LITERAL_CONVERSION = YES;
				CLANG_WARN_OBJC_ROOT_CLASS = YES_ERROR;
				CLANG_WARN_QUOTED_INCLUDE_IN_FRAMEWORK_HEADER = YES;
				CLANG_WARN_RANGE_LOOP_ANALYSIS = YES;
				CLANG_WARN_STRICT_PROTOTYPES = YES;
				CLANG_WARN_SUSPICIOUS_MOVE = YES;
				CLANG_WARN_UNGUARDED_AVAILABILITY = YES_AGGRESSIVE;
				CLANG_WARN_UNREACHABLE_CODE = YES;
				CLANG_WARN__DUPLICATE_METHOD_MATCH = YES;
				COPY_PHASE_STRIP = NO;
				DEBUG_INFORMATION_FORMAT = dwarf;
				ENABLE_STRICT_OBJC_MSGSEND = YES;
				ENABLE_TESTABILITY = YES;
				ENABLE_USER_SCRIPT_SANDBOXING = YES;
				GCC_C_LANGUAGE_STANDARD = gnu17;
				GCC_DYNAMIC_NO_PIC = NO;
				GCC_NO_COMMON_BLOCKS = YES;
				GCC_OPTIMIZATION_LEVEL = 0;
				GCC_PREPROCESSOR_DEFINITIONS = (
					"DEBUG=1",
					"$(inherited)",
				);
				GCC_WARN_64_TO_32_BIT_CONVERSION = YES;
				GCC_WARN_ABOUT_RETURN_TYPE = YES_ERROR;
				GCC_WARN_UNDECLARED_SELECTOR = YES;
				GCC_WARN_UNINITIALIZED_AUTOS = YES_AGGRESSIVE;
				GCC_WARN_UNUSED_FUNCTION = YES;
				GCC_WARN_UNUSED_VARIABLE = YES;
				IPHONEOS_DEPLOYMENT_TARGET = 26.2;
				LOCALIZATION_PREFERS_STRING_CATALOGS = YES;
				MTL_ENABLE_DEBUG_INFO = INCLUDE_SOURCE;
				MTL_FAST_MATH = YES;
				ONLY_ACTIVE_ARCH = YES;
				SDKROOT = iphoneos;
				SWIFT_ACTIVE_COMPILATION_CONDITIONS = "DEBUG $(inherited)";
				SWIFT_OPTIMIZATION_LEVEL = "-Onone";
			};
			name = Debug;
		};
		A28C1B572F0D99E400663353 /* Release */ = {
			isa = XCBuildConfiguration;
			buildSettings = {
				ALWAYS_SEARCH_USER_PATHS = NO;
				ASSETCATALOG_COMPILER_GENERATE_SWIFT_ASSET_SYMBOL_EXTENSIONS = YES;
				CLANG_ANALYZER_NONNULL = YES;
				CLANG_ANALYZER_NUMBER_OBJECT_CONVERSION = YES_AGGRESSIVE;
				CLANG_CXX_LANGUAGE_STANDARD = "gnu++20";
				CLANG_ENABLE_MODULES = YES;
				CLANG_ENABLE_OBJC_ARC = YES;
				CLANG_ENABLE_OBJC_WEAK = YES;
				CLANG_WARN_BLOCK_CAPTURE_AUTORELEASING = YES;
				CLANG_WARN_BOOL_CONVERSION = YES;
				CLANG_WARN_COMMA = YES;
				CLANG_WARN_CONSTANT_CONVERSION = YES;
				CLANG_WARN_DEPRECATED_OBJC_IMPLEMENTATIONS = YES;
				CLANG_WARN_DIRECT_OBJC_ISA_USAGE = YES_ERROR;
				CLANG_WARN_DOCUMENTATION_COMMENTS = YES;
				CLANG_WARN_EMPTY_BODY = YES;
				CLANG_WARN_ENUM_CONVERSION = YES;
				CLANG_WARN_INFINITE_RECURSION = YES;
				CLANG_WARN_INT_CONVERSION = YES;
				CLANG_WARN_NON_LITERAL_NULL_CONVERSION = YES;
				CLANG_WARN_OBJC_IMPLICIT_RETAIN_SELF = YES;
				CLANG_WARN_OBJC_LITERAL_CONVERSION = YES;
				CLANG_WARN_OBJC_ROOT_CLASS = YES_ERROR;
				CLANG_WARN_QUOTED_INCLUDE_IN_FRAMEWORK_HEADER = YES;
				CLANG_WARN_RANGE_LOOP_ANALYSIS = YES;
				CLANG_WARN_STRICT_PROTOTYPES = YES;
				CLANG_WARN_SUSPICIOUS_MOVE = YES;
				CLANG_WARN_UNGUARDED_AVAILABILITY = YES_AGGRESSIVE;
				CLANG_WARN_UNREACHABLE_CODE = YES;
				CLANG_WARN__DUPLICATE_METHOD_MATCH = YES;
				COPY_PHASE_STRIP = NO;
				DEBUG_INFORMATION_FORMAT = "dwarf-with-dsym";
				ENABLE_NS_ASSERTIONS = NO;
				ENABLE_STRICT_OBJC_MSGSEND = YES;
				ENABLE_USER_SCRIPT_SANDBOXING = YES;
				GCC_C_LANGUAGE_STANDARD = gnu17;
				GCC_NO_COMMON_BLOCKS = YES;
				GCC_WARN_64_TO_32_BIT_CONVERSION = YES;
				GCC_WARN_ABOUT_RETURN_TYPE = YES_ERROR;
				GCC_WARN_UNDECLARED_SELECTOR = YES;
				GCC_WARN_UNINITIALIZED_AUTOS = YES_AGGRESSIVE;
				GCC_WARN_UNUSED_FUNCTION = YES;
				GCC_WARN_UNUSED_VARIABLE = YES;
				IPHONEOS_DEPLOYMENT_TARGET = 26.2;
				LOCALIZATION_PREFERS_STRING_CATALOGS = YES;
				MTL_ENABLE_DEBUG_INFO = NO;
				MTL_FAST_MATH = YES;
				SDKROOT = iphoneos;
				SWIFT_COMPILATION_MODE = wholemodule;
				VALIDATE_PRODUCT = YES;
			};
			name = Release;
		};
		A28C1B592F0D99E400663353 /* Debug */ = {
			isa = XCBuildConfiguration;
			buildSettings = {
				BUNDLE_LOADER = "$(TEST_HOST)";
				CODE_SIGN_STYLE = Automatic;
				CURRENT_PROJECT_VERSION = 1;
				GENERATE_INFOPLIST_FILE = YES;
				IPHONEOS_DEPLOYMENT_TARGET = 26.2;
				MARKETING_VERSION = 1.0;
				PRODUCT_BUNDLE_IDENTIFIER = com.hiralnaik.BindableExampleTests;
				PRODUCT_NAME = "$(TARGET_NAME)";
				STRING_CATALOG_GENERATE_SYMBOLS = NO;
				SWIFT_APPROACHABLE_CONCURRENCY = YES;
				SWIFT_EMIT_LOC_STRINGS = NO;
				SWIFT_UPCOMING_FEATURE_MEMBER_IMPORT_VISIBILITY = YES;
				SWIFT_VERSION = 5.0;
				TARGETED_DEVICE_FAMILY = "1,2";
				TEST_HOST = "$(BUILT_PRODUCTS_DIR)/BindableExample.app/$(BUNDLE_EXECUTABLE_FOLDER_PATH)/BindableExample";
			};
			name = Debug;
		};
		A28C1B5A2F0D99E400663353 /* Release */ = {
			isa = XCBuildConfiguration;
			buildSettings = {
				BUNDLE_LOADER = "$(TEST_HOST)";
				CODE_SIGN_STYLE = Automatic;
				CURRENT_PROJECT_VERSION = 1;
				GENERATE_INFOPLIST_FILE = YES;
				IPHONEOS_DEPLOYMENT_TARGET = 26.2;
				MARKETING_VERSION = 1.0;
				PRODUCT_BUNDLE_IDENTIFIER = com.hiralnaik.BindableExampleTests;
				PRODUCT_NAME = "$(TARGET_NAME)";
				STRING_CATALOG_GENERATE_SYMBOLS = NO;
				SWIFT_APPROACHABLE_CONCURRENCY = YES;
				SWIFT_EMIT_LOC_STRINGS = NO;
				SWIFT_UPCOMING_FEATURE_MEMBER_IMPORT_VISIBILITY = YES;
				SWIFT_VERSION = 5.0;
				TARGETED_DEVICE_FAMILY = "1,2";
				TEST_HOST = "$(BUILT_PRODUCTS_DIR)/BindableExample.app/$(BUNDLE_EXECUTABLE_FOLDER_PATH)/BindableExample";
			};
			name = Release;
		};
		A28C1B5C2F0D99E400663353 /* Debug */ = {
			isa = XCBuildConfiguration;
			buildSettings = {
				CODE_SIGN_STYLE = Automatic;
				CURRENT_PROJECT_VERSION = 1;
				GENERATE_INFOPLIST_FILE = YES;
				MARKETING_VERSION = 1.0;
				PRODUCT_BUNDLE_IDENTIFIER = com.hiralnaik.BindableExampleUITests;
				PRODUCT_NAME = "$(TARGET_NAME)";
				STRING_CATALOG_GENERATE_SYMBOLS = NO;
				SWIFT_APPROACHABLE_CONCURRENCY = YES;
				SWIFT_EMIT_LOC_STRINGS = NO;
				SWIFT_UPCOMING_FEATURE_MEMBER_IMPORT_VISIBILITY = YES;
				SWIFT_VERSION = 5.0;
				TARGETED_DEVICE_FAMILY = "1,2";
				TEST_TARGET_NAME = BindableExample;
			};
			name = Debug;
		};
		A28C1B5D2F0D99E400663353 /* Release */ = {
			isa = XCBuildConfiguration;
			buildSettings = {
				CODE_SIGN_STYLE = Automatic;
				CURRENT_PROJECT_VERSION = 1;
				GENERATE_INFOPLIST_FILE = YES;
				MARKETING_VERSION = 1.0;
				PRODUCT_BUNDLE_IDENTIFIER = com.hiralnaik.BindableExampleUITests;
				PRODUCT_NAME = "$(TARGET_NAME)";
				STRING_CATALOG_GENERATE_SYMBOLS = NO;
				SWIFT_APPROACHABLE_CONCURRENCY = YES;
				SWIFT_EMIT_LOC_STRINGS = NO;
				SWIFT_UPCOMING_FEATURE_MEMBER_IMPORT_VISIBILITY = YES;
				SWIFT_VERSION = 5.0;
				TARGETED_DEVICE_FAMILY = "1,2";
				TEST_TARGET_NAME = BindableExample;
			};
			name = Release;
		};
/* End XCBuildConfiguration section */

/* Begin XCConfigurationList section */
		A28C1B252F0D99E300663353 /* Build configuration list for PBXProject "BindableExample" */ = {
			isa = XCConfigurationList;
			buildConfigurations = (
				A28C1B562F0D99E400663353 /* Debug */,
				A28C1B572F0D99E400663353 /* Release */,
			);
			defaultConfigurationIsVisible = 0;
			defaultConfigurationName = Release;
		};
		A28C1B532F0D99E400663353 /* Build configuration list for PBXNativeTarget "BindableExample" */ = {
			isa = XCConfigurationList;
			buildConfigurations = (
				A28C1B542F0D99E400663353 /* Debug */,
				A28C1B552F0D99E400663353 /* Release */,
			);
			defaultConfigurationIsVisible = 0;
			defaultConfigurationName = Release;
		};
		A28C1B582F0D99E400663353 /* Build configuration list for PBXNativeTarget "BindableExampleTests" */ = {
			isa = XCConfigurationList;
			buildConfigurations = (
				A28C1B592F0D99E400663353 /* Debug */,
				A28C1B5A2F0D99E400663353 /* Release */,
			);
			defaultConfigurationIsVisible = 0;
			defaultConfigurationName = Release;
		};
		A28C1B5B2F0D99E400663353 /* Build configuration list for PBXNativeTarget "BindableExampleUITests" */ = {
			isa = XCConfigurationList;
			buildConfigurations = (
				A28C1B5C2F0D99E400663353 /* Debug */,
				A28C1B5D2F0D99E400663353 /* Release */,
			);
			defaultConfigurationIsVisible = 0;
			defaultConfigurationName = Release;
		};
/* End XCConfigurationList section */

/* Begin XCRemoteSwiftPackageReference section */
		A28C1B602F0D9A3200663353 /* XCRemoteSwiftPackageReference "ios-bindable" */ = {
			isa = XCRemoteSwiftPackageReference;
			repositoryURL = "git@github.com:hnaikdev/ios-bindable.git";
			requirement = {
				branch = main;
				kind = branch;
			};
		};
/* End XCRemoteSwiftPackageReference section */

/* Begin XCSwiftPackageProductDependency section */
		A28C1B612F0D9A3200663353 /* ios-bindable */ = {
			isa = XCSwiftPackageProductDependency;
			package = A28C1B602F0D9A3200663353 /* XCRemoteSwiftPackageReference "ios-bindable" */;
			productName = "ios-bindable";
		};
/* End XCSwiftPackageProductDependency section */
	};
	rootObject = A28C1B222F0D99E300663353 /* Project object */;
}
